
Microsoft Visual Studio Solution File, Format Version 12.00
# Visual Studio Version 16
VisualStudioVersion = 16.0.32106.194
MinimumVisualStudioVersion = 10.0.40219.1
Project("{FAE04EC0-301F-11D3-BF4B-00C04F79EFBC}") = "RunAsService", "RunAsService\RunAsService.csproj", "{0F1E2B46-34C0-460C-A836-EB77F6237B47}"
EndProject
Project("{FAE04EC0-301F-11D3-BF4B-00C04F79EFBC}") = "TestConsoleApp", "TestConsoleApp\TestConsoleApp.csproj", "{D92B2933-89E5-4090-A1B4-A44D2A83D7B2}"
EndProject
Global
	GlobalSection(SolutionConfigurationPlatforms) = preSolution
		Debug|Any CPU = Debug|Any CPU
		Debug|x86 = Debug|x86
		Release|Any CPU = Release|Any CPU
		Release|x86 = Release|x86
	EndGlobalSection
	GlobalSection(ProjectConfigurationPlatforms) = postSolution
		{0F1E2B46-34C0-460C-A836-EB77F6237B47}.Debug|Any CPU.ActiveCfg = Debug|x86
		{0F1E2B46-34C0-460C-A836-EB77F6237B47}.Debug|Any CPU.Build.0 = Debug|x86
		{0F1E2B46-34C0-460C-A836-EB77F6237B47}.Debug|x86.ActiveCfg = Debug|x86
		{0F1E2B46-34C0-460C-A836-EB77F6237B47}.Debug|x86.Build.0 = Debug|x86
		{0F1E2B46-34C0-460C-A836-EB77F6237B47}.Release|Any CPU.ActiveCfg = Release|x86
		{0F1E2B46-34C0-460C-A836-EB77F6237B47}.Release|x86.ActiveCfg = Release|x86
		{0F1E2B46-34C0-460C-A836-EB77F6237B47}.Release|x86.Build.0 = Release|x86
		{D92B2933-89E5-4090-A1B4-A44D2A83D7B2}.Debug|Any CPU.ActiveCfg = Debug|Any CPU
		{D92B2933-89E5-4090-A1B4-A44D2A83D7B2}.Debug|x86.ActiveCfg = Debug|Any CPU
		{D92B2933-89E5-4090-A1B4-A44D2A83D7B2}.Debug|x86.Build.0 = Debug|Any CPU
		{D92B2933-89E5-4090-A1B4-A44D2A83D7B2}.Release|Any CPU.ActiveCfg = Release|Any CPU
		{D92B2933-89E5-4090-A1B4-A44D2A83D7B2}.Release|Any CPU.Build.0 = Release|Any CPU
		{D92B2933-89E5-4090-A1B4-A44D2A83D7B2}.Release|x86.ActiveCfg = Release|Any CPU
		{D92B2933-89E5-4090-A1B4-A44D2A83D7B2}.Release|x86.Build.0 = Release|Any CPU
	EndGlobalSection
	GlobalSection(SolutionProperties) = preSolution
		HideSolutionNode = FALSE
	EndGlobalSection
	GlobalSection(ExtensibilityGlobals) = postSolution
		SolutionGuid = {E6419B53-FF89-46BF-B11E-63A5C7C6FAC9}
	EndGlobalSection
EndGlobal
